
Microsoft Visual Studio Solution File, Format Version 12.00
# Visual Studio 15
VisualStudioVersion = 15.0.26124.0
MinimumVisualStudioVersion = 15.0.26124.0
Project("{F184B08F-C81C-45F6-A57F-5ABD9991F28F}") = "weather-library", "weather-library\weather-library.vbproj", "{349A2BE1-B308-4C8D-AF7D-ECB32A39072B}"
EndProject
Project("{FAE04EC0-301F-11D3-BF4B-00C04F79EFBC}") = "weather-service", "weather-service\weather-service.csproj", "{712F6A41-3F61-4A5B-928A-591D8A814295}"
EndProject
Global
	GlobalSection(SolutionConfigurationPlatforms) = preSolution
		Debug|Any CPU = Debug|Any CPU
		Debug|x64 = Debug|x64
		Debug|x86 = Debug|x86
		Release|Any CPU = Release|Any CPU
		Release|x64 = Release|x64
		Release|x86 = Release|x86
	EndGlobalSection
	GlobalSection(SolutionProperties) = preSolution
		HideSolutionNode = FALSE
	EndGlobalSection
	GlobalSection(ProjectConfigurationPlatforms) = postSolution
		{349A2BE1-B308-4C8D-AF7D-ECB32A39072B}.Debug|Any CPU.ActiveCfg = Debug|Any CPU
		{349A2BE1-B308-4C8D-AF7D-ECB32A39072B}.Debug|Any CPU.Build.0 = Debug|Any CPU
		{349A2BE1-B308-4C8D-AF7D-ECB32A39072B}.Debug|x64.ActiveCfg = Debug|Any CPU
		{349A2BE1-B308-4C8D-AF7D-ECB32A39072B}.Debug|x64.Build.0 = Debug|Any CPU
		{349A2BE1-B308-4C8D-AF7D-ECB32A39072B}.Debug|x86.ActiveCfg = Debug|Any CPU
		{349A2BE1-B308-4C8D-AF7D-ECB32A39072B}.Debug|x86.Build.0 = Debug|Any CPU
		{349A2BE1-B308-4C8D-AF7D-ECB32A39072B}.Release|Any CPU.ActiveCfg = Release|Any CPU
		{349A2BE1-B308-4C8D-AF7D-ECB32A39072B}.Release|Any CPU.Build.0 = Release|Any CPU
		{349A2BE1-B308-4C8D-AF7D-ECB32A39072B}.Release|x64.ActiveCfg = Release|Any CPU
		{349A2BE1-B308-4C8D-AF7D-ECB32A39072B}.Release|x64.Build.0 = Release|Any CPU
		{349A2BE1-B308-4C8D-AF7D-ECB32A39072B}.Release|x86.ActiveCfg = Release|Any CPU
		{349A2BE1-B308-4C8D-AF7D-ECB32A39072B}.Release|x86.Build.0 = Release|Any CPU
		{712F6A41-3F61-4A5B-928A-591D8A814295}.Debug|Any CPU.ActiveCfg = Debug|Any CPU
		{712F6A41-3F61-4A5B-928A-591D8A814295}.Debug|Any CPU.Build.0 = Debug|Any CPU
		{712F6A41-3F61-4A5B-928A-591D8A814295}.Debug|x64.ActiveCfg = Debug|Any CPU
		{712F6A41-3F61-4A5B-928A-591D8A814295}.Debug|x64.Build.0 = Debug|Any CPU
		{712F6A41-3F61-4A5B-928A-591D8A814295}.Debug|x86.ActiveCfg = Debug|Any CPU
		{712F6A41-3F61-4A5B-928A-591D8A814295}.Debug|x86.Build.0 = Debug|Any CPU
		{712F6A41-3F61-4A5B-928A-591D8A814295}.Release|Any CPU.ActiveCfg = Release|Any CPU
		{712F6A41-3F61-4A5B-928A-591D8A814295}.Release|Any CPU.Build.0 = Release|Any CPU
		{712F6A41-3F61-4A5B-928A-591D8A814295}.Release|x64.ActiveCfg = Release|Any CPU
		{712F6A41-3F61-4A5B-928A-591D8A814295}.Release|x64.Build.0 = Release|Any CPU
		{712F6A41-3F61-4A5B-928A-591D8A814295}.Release|x86.ActiveCfg = Release|Any CPU
		{712F6A41-3F61-4A5B-928A-591D8A814295}.Release|x86.Build.0 = Release|Any CPU
	EndGlobalSection
EndGlobal
